
Microsoft Visual Studio Solution File, Format Version 12.00
# Visual Studio Version 17
VisualStudioVersion = 17.5.33530.505
MinimumVisualStudioVersion = 10.0.40219.1
Project("{FAE04EC0-301F-11D3-BF4B-00C04F79EFBC}") = "ControleDeBar", "ControleDeBar\ControleDeBar.csproj", "{3A800A8C-C08F-4CAF-8B29-F90701D2DB97}"
EndProject
Global
	GlobalSection(SolutionConfigurationPlatforms) = preSolution
		Debug|Any CPU = Debug|Any CPU
		Release|Any CPU = Release|Any CPU
	EndGlobalSection
	GlobalSection(ProjectConfigurationPlatforms) = postSolution
		{3A800A8C-C08F-4CAF-8B29-F90701D2DB97}.Debug|Any CPU.ActiveCfg = Debug|Any CPU
		{3A800A8C-C08F-4CAF-8B29-F90701D2DB97}.Debug|Any CPU.Build.0 = Debug|Any CPU
		{3A800A8C-C08F-4CAF-8B29-F90701D2DB97}.Release|Any CPU.ActiveCfg = Release|Any CPU
		{3A800A8C-C08F-4CAF-8B29-F90701D2DB97}.Release|Any CPU.Build.0 = Release|Any CPU
	EndGlobalSection
	GlobalSection(SolutionProperties) = preSolution
		HideSolutionNode = FALSE
	EndGlobalSection
	GlobalSection(ExtensibilityGlobals) = postSolution
		SolutionGuid = {295871A2-0414-477B-AA41-EB0EA1D7A8F4}
	EndGlobalSection
EndGlobal
